# THIS IS AN AUTOGENERATED FILE. DO NOT EDIT THIS FILE DIRECTLY.
# yarn lockfile v1


"@esbuild/aix-ppc64@0.25.4":
  version "0.25.4"
  resolved "https://registry.yarnpkg.com/@esbuild/aix-ppc64/-/aix-ppc64-0.25.4.tgz#830d6476cbbca0c005136af07303646b419f1162"
  integrity sha512-1VCICWypeQKhVbE9oW/sJaAmjLxhVqacdkvPLEjwlttjfwENRSClS8EjBz0KzRyFSCPDIkuXW34Je/vk7zdB7Q==

"@esbuild/android-arm64@0.25.4":
  version "0.25.4"
  resolved "https://registry.yarnpkg.com/@esbuild/android-arm64/-/android-arm64-0.25.4.tgz#d11d4fc299224e729e2190cacadbcc00e7a9fd67"
  integrity sha512-bBy69pgfhMGtCnwpC/x5QhfxAz/cBgQ9enbtwjf6V9lnPI/hMyT9iWpR1arm0l3kttTr4L0KSLpKmLp/ilKS9A==

"@esbuild/android-arm@0.25.4":
  version "0.25.4"
  resolved "https://registry.yarnpkg.com/@esbuild/android-arm/-/android-arm-0.25.4.tgz#5660bd25080553dd2a28438f2a401a29959bd9b1"
  integrity sha512-QNdQEps7DfFwE3hXiU4BZeOV68HHzYwGd0Nthhd3uCkkEKK7/R6MTgM0P7H7FAs5pU/DIWsviMmEGxEoxIZ+ZQ==

"@esbuild/android-x64@0.25.4":
  version "0.25.4"
  resolved "https://registry.yarnpkg.com/@esbuild/android-x64/-/android-x64-0.25.4.tgz#18ddde705bf984e8cd9efec54e199ac18bc7bee1"
  integrity sha512-TVhdVtQIFuVpIIR282btcGC2oGQoSfZfmBdTip2anCaVYcqWlZXGcdcKIUklfX2wj0JklNYgz39OBqh2cqXvcQ==

"@esbuild/darwin-arm64@0.25.4":
  version "0.25.4"
  resolved "https://registry.yarnpkg.com/@esbuild/darwin-arm64/-/darwin-arm64-0.25.4.tgz#b0b7fb55db8fc6f5de5a0207ae986eb9c4766e67"
  integrity sha512-Y1giCfM4nlHDWEfSckMzeWNdQS31BQGs9/rouw6Ub91tkK79aIMTH3q9xHvzH8d0wDru5Ci0kWB8b3up/nl16g==

"@esbuild/darwin-x64@0.25.4":
  version "0.25.4"
  resolved "https://registry.yarnpkg.com/@esbuild/darwin-x64/-/darwin-x64-0.25.4.tgz#e6813fdeba0bba356cb350a4b80543fbe66bf26f"
  integrity sha512-CJsry8ZGM5VFVeyUYB3cdKpd/H69PYez4eJh1W/t38vzutdjEjtP7hB6eLKBoOdxcAlCtEYHzQ/PJ/oU9I4u0A==

"@esbuild/freebsd-arm64@0.25.4":
  version "0.25.4"
  resolved "https://registry.yarnpkg.com/@esbuild/freebsd-arm64/-/freebsd-arm64-0.25.4.tgz#dc11a73d3ccdc308567b908b43c6698e850759be"
  integrity sha512-yYq+39NlTRzU2XmoPW4l5Ifpl9fqSk0nAJYM/V/WUGPEFfek1epLHJIkTQM6bBs1swApjO5nWgvr843g6TjxuQ==

"@esbuild/freebsd-x64@0.25.4":
  version "0.25.4"
  resolved "https://registry.yarnpkg.com/@esbuild/freebsd-x64/-/freebsd-x64-0.25.4.tgz#91da08db8bd1bff5f31924c57a81dab26e93a143"
  integrity sha512-0FgvOJ6UUMflsHSPLzdfDnnBBVoCDtBTVyn/MrWloUNvq/5SFmh13l3dvgRPkDihRxb77Y17MbqbCAa2strMQQ==

"@esbuild/linux-arm64@0.25.4":
  version "0.25.4"
  resolved "https://registry.yarnpkg.com/@esbuild/linux-arm64/-/linux-arm64-0.25.4.tgz#efc15e45c945a082708f9a9f73bfa8d4db49728a"
  integrity sha512-+89UsQTfXdmjIvZS6nUnOOLoXnkUTB9hR5QAeLrQdzOSWZvNSAXAtcRDHWtqAUtAmv7ZM1WPOOeSxDzzzMogiQ==

"@esbuild/linux-arm@0.25.4":
  version "0.25.4"
  resolved "https://registry.yarnpkg.com/@esbuild/linux-arm/-/linux-arm-0.25.4.tgz#9b93c3e54ac49a2ede6f906e705d5d906f6db9e8"
  integrity sha512-kro4c0P85GMfFYqW4TWOpvmF8rFShbWGnrLqlzp4X1TNWjRY3JMYUfDCtOxPKOIY8B0WC8HN51hGP4I4hz4AaQ==

"@esbuild/linux-ia32@0.25.4":
  version "0.25.4"
  resolved "https://registry.yarnpkg.com/@esbuild/linux-ia32/-/linux-ia32-0.25.4.tgz#be8ef2c3e1d99fca2d25c416b297d00360623596"
  integrity sha512-yTEjoapy8UP3rv8dB0ip3AfMpRbyhSN3+hY8mo/i4QXFeDxmiYbEKp3ZRjBKcOP862Ua4b1PDfwlvbuwY7hIGQ==

"@esbuild/linux-loong64@0.25.4":
  version "0.25.4"
  resolved "https://registry.yarnpkg.com/@esbuild/linux-loong64/-/linux-loong64-0.25.4.tgz#b0840a2707c3fc02eec288d3f9defa3827cd7a87"
  integrity sha512-NeqqYkrcGzFwi6CGRGNMOjWGGSYOpqwCjS9fvaUlX5s3zwOtn1qwg1s2iE2svBe4Q/YOG1q6875lcAoQK/F4VA==

"@esbuild/linux-mips64el@0.25.4":
  version "0.25.4"
  resolved "https://registry.yarnpkg.com/@esbuild/linux-mips64el/-/linux-mips64el-0.25.4.tgz#2a198e5a458c9f0e75881a4e63d26ba0cf9df39f"
  integrity sha512-IcvTlF9dtLrfL/M8WgNI/qJYBENP3ekgsHbYUIzEzq5XJzzVEV/fXY9WFPfEEXmu3ck2qJP8LG/p3Q8f7Zc2Xg==

"@esbuild/linux-ppc64@0.25.4":
  version "0.25.4"
  resolved "https://registry.yarnpkg.com/@esbuild/linux-ppc64/-/linux-ppc64-0.25.4.tgz#64f4ae0b923d7dd72fb860b9b22edb42007cf8f5"
  integrity sha512-HOy0aLTJTVtoTeGZh4HSXaO6M95qu4k5lJcH4gxv56iaycfz1S8GO/5Jh6X4Y1YiI0h7cRyLi+HixMR+88swag==

"@esbuild/linux-riscv64@0.25.4":
  version "0.25.4"
  resolved "https://registry.yarnpkg.com/@esbuild/linux-riscv64/-/linux-riscv64-0.25.4.tgz#fb2844b11fdddd39e29d291c7cf80f99b0d5158d"
  integrity sha512-i8JUDAufpz9jOzo4yIShCTcXzS07vEgWzyX3NH2G7LEFVgrLEhjwL3ajFE4fZI3I4ZgiM7JH3GQ7ReObROvSUA==

"@esbuild/linux-s390x@0.25.4":
  version "0.25.4"
  resolved "https://registry.yarnpkg.com/@esbuild/linux-s390x/-/linux-s390x-0.25.4.tgz#1466876e0aa3560c7673e63fdebc8278707bc750"
  integrity sha512-jFnu+6UbLlzIjPQpWCNh5QtrcNfMLjgIavnwPQAfoGx4q17ocOU9MsQ2QVvFxwQoWpZT8DvTLooTvmOQXkO51g==

"@esbuild/linux-x64@0.25.4":
  version "0.25.4"
  resolved "https://registry.yarnpkg.com/@esbuild/linux-x64/-/linux-x64-0.25.4.tgz#c10fde899455db7cba5f11b3bccfa0e41bf4d0cd"
  integrity sha512-6e0cvXwzOnVWJHq+mskP8DNSrKBr1bULBvnFLpc1KY+d+irZSgZ02TGse5FsafKS5jg2e4pbvK6TPXaF/A6+CA==

"@esbuild/netbsd-arm64@0.25.4":
  version "0.25.4"
  resolved "https://registry.yarnpkg.com/@esbuild/netbsd-arm64/-/netbsd-arm64-0.25.4.tgz#02e483fbcbe3f18f0b02612a941b77be76c111a4"
  integrity sha512-vUnkBYxZW4hL/ie91hSqaSNjulOnYXE1VSLusnvHg2u3jewJBz3YzB9+oCw8DABeVqZGg94t9tyZFoHma8gWZQ==

"@esbuild/netbsd-x64@0.25.4":
  version "0.25.4"
  resolved "https://registry.yarnpkg.com/@esbuild/netbsd-x64/-/netbsd-x64-0.25.4.tgz#ec401fb0b1ed0ac01d978564c5fc8634ed1dc2ed"
  integrity sha512-XAg8pIQn5CzhOB8odIcAm42QsOfa98SBeKUdo4xa8OvX8LbMZqEtgeWE9P/Wxt7MlG2QqvjGths+nq48TrUiKw==

"@esbuild/openbsd-arm64@0.25.4":
  version "0.25.4"
  resolved "https://registry.yarnpkg.com/@esbuild/openbsd-arm64/-/openbsd-arm64-0.25.4.tgz#f272c2f41cfea1d91b93d487a51b5c5ca7a8c8c4"
  integrity sha512-Ct2WcFEANlFDtp1nVAXSNBPDxyU+j7+tId//iHXU2f/lN5AmO4zLyhDcpR5Cz1r08mVxzt3Jpyt4PmXQ1O6+7A==

"@esbuild/openbsd-x64@0.25.4":
  version "0.25.4"
  resolved "https://registry.yarnpkg.com/@esbuild/openbsd-x64/-/openbsd-x64-0.25.4.tgz#2e25950bc10fa9db1e5c868e3d50c44f7c150fd7"
  integrity sha512-xAGGhyOQ9Otm1Xu8NT1ifGLnA6M3sJxZ6ixylb+vIUVzvvd6GOALpwQrYrtlPouMqd/vSbgehz6HaVk4+7Afhw==

"@esbuild/sunos-x64@0.25.4":
  version "0.25.4"
  resolved "https://registry.yarnpkg.com/@esbuild/sunos-x64/-/sunos-x64-0.25.4.tgz#cd596fa65a67b3b7adc5ecd52d9f5733832e1abd"
  integrity sha512-Mw+tzy4pp6wZEK0+Lwr76pWLjrtjmJyUB23tHKqEDP74R3q95luY/bXqXZeYl4NYlvwOqoRKlInQialgCKy67Q==

"@esbuild/win32-arm64@0.25.4":
  version "0.25.4"
  resolved "https://registry.yarnpkg.com/@esbuild/win32-arm64/-/win32-arm64-0.25.4.tgz#b4dbcb57b21eeaf8331e424c3999b89d8951dc88"
  integrity sha512-AVUP428VQTSddguz9dO9ngb+E5aScyg7nOeJDrF1HPYu555gmza3bDGMPhmVXL8svDSoqPCsCPjb265yG/kLKQ==

"@esbuild/win32-ia32@0.25.4":
  version "0.25.4"
  resolved "https://registry.yarnpkg.com/@esbuild/win32-ia32/-/win32-ia32-0.25.4.tgz#410842e5d66d4ece1757634e297a87635eb82f7a"
  integrity sha512-i1sW+1i+oWvQzSgfRcxxG2k4I9n3O9NRqy8U+uugaT2Dy7kLO9Y7wI72haOahxceMX8hZAzgGou1FhndRldxRg==

"@esbuild/win32-x64@0.25.4":
  version "0.25.4"
  resolved "https://registry.yarnpkg.com/@esbuild/win32-x64/-/win32-x64-0.25.4.tgz#0b17ec8a70b2385827d52314c1253160a0b9bacc"
  integrity sha512-nOT2vZNw6hJ+z43oP1SPea/G/6AbN6X+bGNhNuq8NtRHy4wsMhw765IKLNmnjek7GvjWBYQ8Q5VBoYTFg9y1UQ==

"@frida/assert@^3.0.1":
  version "3.0.2"
  resolved "https://registry.yarnpkg.com/@frida/assert/-/assert-3.0.2.tgz#ca7b8a45352270e8b7c775fc276f0635f8004d80"
  integrity sha512-JXJq5SbXGrM5EkjrZKfRmB29zOoEOix02NC6A5TSJ+C1GE/X051EinJJsuOO2pEOx7KZwpvAHvS0WXW0+levKg==

"@frida/base64-js@^2.0.3":
  version "2.0.3"
  resolved "https://registry.yarnpkg.com/@frida/base64-js/-/base64-js-2.0.3.tgz#349f8df2eb4e2cc342758c0c9ebcd724fa9e0eb0"
  integrity sha512-2w0F+1TynOTCZ/v7du9LdHPWwq0lJhazjo2fF9upMyQmA1zHetT14fLuQ1v/6T0qPgyeEGkiSrybstU8EsgeUA==

"@frida/buffer@^7.0.4":
  version "7.0.4"
  resolved "https://registry.yarnpkg.com/@frida/buffer/-/buffer-7.0.4.tgz#32323e121a1a2cf9f96ef2297daddfe09f558cbe"
  integrity sha512-RxQ1lZRRiCJj7nhcCiD8xeJx0NsLpGGnjqsmTg7jShGmbnVFMN5W7+J+3gqdPSQhc/IxNBIWc6zRXVp4+qnYHg==
  dependencies:
    base64-js "^1.5.1"
    ieee754 "^1.2.1"

"@frida/crosspath@^3.0.0":
  version "3.0.0"
  resolved "https://registry.yarnpkg.com/@frida/crosspath/-/crosspath-3.0.0.tgz#65e243af84065f55c435925365aa72d447c26182"
  integrity sha512-bNdO1spIPD2P40XtK89N49oZpJhstdlnkJZcD4yJ17jrdkm9Ctu0sd9MIEX6Z8Tm8ydhVJBAOMEKl9/R27onAQ==
  dependencies:
    "@types/node" "^17.0.36"

"@frida/crypto@^1.0.1":
  version "1.0.1"
  resolved "https://registry.yarnpkg.com/@frida/crypto/-/crypto-1.0.1.tgz#8625f3f4701bf7c27b63fe59b33fe809190962b2"
  integrity sha512-WXTkVjESvX8TIVXIynJJv9BKSIdQP0Iis04StIXknkDi1ULdMlrypA9p5C4KW1H6GCkNsVnKbybpzsulYCTvag==

"@frida/diagnostics_channel@^1.0.0":
  version "1.0.0"
  resolved "https://registry.yarnpkg.com/@frida/diagnostics_channel/-/diagnostics_channel-1.0.0.tgz#e3c55b9927b34930dcb876fdbfb960d5badfb163"
  integrity sha512-mYX1jp/5Bpk24tHArJNx65iCk7qSuV8YJkdU0gFNVtJUXxfV8BG5WuPa4mL+ynxsbWWpsg/cwKZbLAepYKTdQQ==

"@frida/events@^4.0.4":
  version "4.0.4"
  resolved "https://registry.yarnpkg.com/@frida/events/-/events-4.0.4.tgz#fb44467fc5ef89ce57a19b5e779f810168349b94"
  integrity sha512-qJVQ6VWHf9sjUKuiJzoCAC00frbpcwxeYfvQ+PP9LU/d70j+QvjWgYe98Qa3ekLaBU6r/AvWm8ThKCDUCLWrQQ==

"@frida/http-parser-js@^1.0.0":
  version "1.0.0"
  resolved "https://registry.yarnpkg.com/@frida/http-parser-js/-/http-parser-js-1.0.0.tgz#c512eef6758587198a8d2f5f7202f9cf16b4f76f"
  integrity sha512-2nMrNXt/OeTlWbqnE8AH4Sfz4I2+BGoN206dzKEyC/g2svtn83Xu+zuv/V3TkwrA27s26Mcy84ZwsXeNlqNxUQ==

"@frida/http@^4.0.2":
  version "4.0.2"
  resolved "https://registry.yarnpkg.com/@frida/http/-/http-4.0.2.tgz#d3c6467714478e67af9b88347c89d268f1f10d4d"
  integrity sha512-cvkc7ex7GmVXVOWqtjXKBWUUbYEBgpNRKZbEEoMeI8KiIs8zejKwg+N7rx7296Ao+EP3+xcUr4wBVr3xLaUVfQ==
  dependencies:
    http-parser-js "^0.5.3"

"@frida/https@^1.0.0":
  version "1.0.0"
  resolved "https://registry.yarnpkg.com/@frida/https/-/https-1.0.0.tgz#a9d06352c830ac4df0bfcb5c0f557b76ca7331a3"
  integrity sha512-OiqQ6qsALcWOktRLq07oJ0i6sH8eX6MXb/MdZS1qVKDRf6wchH4Pjn6fiLB+pt/OlYbggk+DOfpHwSdjTwuHMQ==

"@frida/ieee754@^2.0.2":
  version "2.0.2"
  resolved "https://registry.yarnpkg.com/@frida/ieee754/-/ieee754-2.0.2.tgz#47dc65d51a94fa7f6fda2b6d67bc2e8d5d4ebe5f"
  integrity sha512-wlcUebnne4ENN7GDr5pTH598ZDLMVOsh0FjenxeVOe6u7ewZkz9gGRnLnZKJAm9kl5G6XhdxhI0cSXVQK/rQUw==

"@frida/net@^4.0.1":
  version "4.0.2"
  resolved "https://registry.yarnpkg.com/@frida/net/-/net-4.0.2.tgz#4886cae14db0d71bf67253015c3321eed0662af4"
  integrity sha512-qQRe7hQ+ZfCcG/SE3P1TRqQ9bmuK/T7wPCYaT4z56rBPWAxsaQbQHpX4fR6OrFaSDr7X0xJLsTbdIp9hGhhLZg==

"@frida/os@^1.0.0":
  version "1.0.2"
  resolved "https://registry.yarnpkg.com/@frida/os/-/os-1.0.2.tgz#64419b11ea09e50d83d3304f1a6a804f92827fed"
  integrity sha512-3ISAiGNiyIya3QN2EHBCz1wqP0enTdSxP99wUeroeh8+AQRmgoOr/5TRnrVry8pe378anay3fmV/tdUMMSkehQ==

"@frida/path@^2.0.3":
  version "2.0.3"
  resolved "https://registry.yarnpkg.com/@frida/path/-/path-2.0.3.tgz#a998d99aec56a3151831c16e9224df77a8fb8710"
  integrity sha512-2RQy36QatoC846fzBhBhV8sXMsSOBGoYvwTHeaE1zUdz7F4RNScP4QEekTTooBYWYX/XjiF36KQpYAzc9OYFtg==

"@frida/process@^1.2.1":
  version "1.2.1"
  resolved "https://registry.yarnpkg.com/@frida/process/-/process-1.2.1.tgz#3a587c0f75b59bf15fa32162f551bc5f4523ddad"
  integrity sha512-nvCu22DstFW2ttGFtOKekHM7vnjbZm+XgtvavOt427GNT6uV7k0JYK9tnMbcLMRWv57DG6udAmuJlWs8Paq1ag==

"@frida/punycode@^3.0.0":
  version "3.0.0"
  resolved "https://registry.yarnpkg.com/@frida/punycode/-/punycode-3.0.0.tgz#b841f24b57f4c08be8f6a7a0eb143259909a2a89"
  integrity sha512-XVSDY2KamDs1D5/fTVgHcOSNxdU4kTboxzqJMBbTjcQC7XScIT9c0EfbwKCq7Kci6gWQdsHSCr7lU+9Oc4KAdg==

"@frida/querystring@^1.0.0":
  version "1.0.0"
  resolved "https://registry.yarnpkg.com/@frida/querystring/-/querystring-1.0.0.tgz#13ac4b6b2aabc996a75c44491c2b5db292af16de"
  integrity sha512-15m1fOZPmoO/vWlgPJrG/J9/BJDz6a2/JpVGpS8ynNzo+fBhTznaStX5nHxUs24mVTqh/OqLo0EiYJM5WWHXxg==

"@frida/readable-stream@^4.1.3":
  version "4.1.3"
  resolved "https://registry.yarnpkg.com/@frida/readable-stream/-/readable-stream-4.1.3.tgz#9babc8cbca3f7e9e6feb2147361eea3c8bd5cf66"
  integrity sha512-ntGUFmi+CryRGRJIK13a/VST2Ad19uivbln8Xd92vKPAARq+6vMIASDyZIqyl5BLRccfiyCHdYgrgQ6RI5rUig==

"@frida/reserved-words@^1.0.0":
  version "1.0.0"
  resolved "https://registry.yarnpkg.com/@frida/reserved-words/-/reserved-words-1.0.0.tgz#218ea9f816261e92323c8983e7a22c80c39b5c63"
  integrity sha512-2yG/XxJlsGlk/mm6eZTb4OAaQEhkTI2qaFfZFtAsrA/XuCpuMWkS4y/guyBlsRu4hAuhK2HPmNM8+OLLK1zM9Q==

"@frida/stream@^1.0.2":
  version "1.0.2"
  resolved "https://registry.yarnpkg.com/@frida/stream/-/stream-1.0.2.tgz#41416d3bbb88d4c8b29351c4ac138b5a5b1e7fd8"
  integrity sha512-4OuaC1ztmEKgTq3WeBhsy8Oq+AwW9n9cYnvLklcC9jwD93AEwgbWpecLlxJCVuALvTMdhKPg0nQVfyGYP/i9Bw==
  dependencies:
    "@frida/readable-stream" "^4.1.3"

"@frida/string_decoder@^2.0.0":
  version "2.0.0"
  resolved "https://registry.yarnpkg.com/@frida/string_decoder/-/string_decoder-2.0.0.tgz#1c648b5c16c8d66f41483c8ada448624edff74dc"
  integrity sha512-in371tYZMHQiW9HF5MS3JDw6Ao6tyBoq34UWy2rzOswYyMG1rpizh85ofi/yVkxDiaqybEZefxzkVittpPGT6g==

"@frida/terser@^1.0.0":
  version "1.0.0"
  resolved "https://registry.yarnpkg.com/@frida/terser/-/terser-1.0.0.tgz#5b56697e678fdb71f010ee272d24e8c9ceb72fa2"
  integrity sha512-59h9WuNzD1Rx/zwoWqQ/FW/4Y/Q3R91Eng2hEwdHapqiTDvtKbZ08F6CynCR7ZVinrh4tLYsF46AtVPTz1ys9g==
  dependencies:
    "@jridgewell/source-map" "^0.3.2"
    acorn "^8.5.0"
    commander "^2.20.0"
    source-map-support "~0.5.20"

"@frida/timers@^3.0.0":
  version "3.0.0"
  resolved "https://registry.yarnpkg.com/@frida/timers/-/timers-3.0.0.tgz#50736e93dc24930f0a105c2047ad166809594397"
  integrity sha512-3b+0igv10aT8TMxefrTAd06rActqbxJLY2Xkkq9vYcPBffB/yHszl0NYIp/5ko8WC3ecDYPU6bQiY6fjs72zTA==

"@frida/tty@^1.0.0":
  version "1.0.0"
  resolved "https://registry.yarnpkg.com/@frida/tty/-/tty-1.0.0.tgz#1f5f5e17471bf41e28b20fbeca49ab5e13693cb6"
  integrity sha512-p/kjLnKYxEAB1MdYP8+5rKv9CsHzyA+0jg9BcGETzjQVKHHcroHDULRxDYUh+DC7qs6cpX8QdDQh9E+a6ydgsQ==

"@frida/url@^1.0.2":
  version "1.0.2"
  resolved "https://registry.yarnpkg.com/@frida/url/-/url-1.0.2.tgz#1c5d802302b496bb5c6b8f8b40fbffed5ffacaa0"
  integrity sha512-ZKunbKJHMr8w2Eb/5K1avy0MzK1B998S17wYXNv3RmzBGxMm8S5T0F3qEpRxkU7/72P8m4izyQU87fWl+FjQsQ==
  dependencies:
    "@frida/punycode" "^3.0.0"
    "@frida/querystring" "^1.0.0"

"@frida/util@^1.0.3":
  version "1.0.3"
  resolved "https://registry.yarnpkg.com/@frida/util/-/util-1.0.3.tgz#b9273baaadead1a24d3619dd719fa109c210f7f0"
  integrity sha512-htcG3uDiRXv89ERVNNYhfase39kJ2X75ZARfrYcYEtJLFEsSk0nemM1YnEIR4CjrHvdvkWHrwgKkS+acOyoNEg==

"@frida/vm@^2.0.0":
  version "2.0.0"
  resolved "https://registry.yarnpkg.com/@frida/vm/-/vm-2.0.0.tgz#c98012838f34b0bb7ca0509f03a644a2ada230ff"
  integrity sha512-7fsjLWscZT5odNIBtg6qbLNI+vAk1xmii6H5W2kaYkMYt0vRohQEcDSUWacA+eaWlu5SvMjZI82Yibj/3G9pJw==

"@jridgewell/gen-mapping@^0.3.5":
  version "0.3.8"
  resolved "https://registry.yarnpkg.com/@jridgewell/gen-mapping/-/gen-mapping-0.3.8.tgz#4f0e06362e01362f823d348f1872b08f666d8142"
  integrity sha512-imAbBGkb+ebQyxKgzv5Hu2nmROxoDOXHh80evxdoXNOrvAnVx7zimzc1Oo5h9RlfV4vPXaE2iM5pOFbvOCClWA==
  dependencies:
    "@jridgewell/set-array" "^1.2.1"
    "@jridgewell/sourcemap-codec" "^1.4.10"
    "@jridgewell/trace-mapping" "^0.3.24"

"@jridgewell/resolve-uri@^3.1.0":
  version "3.1.2"
  resolved "https://registry.yarnpkg.com/@jridgewell/resolve-uri/-/resolve-uri-3.1.2.tgz#7a0ee601f60f99a20c7c7c5ff0c80388c1189bd6"
  integrity sha512-bRISgCIjP20/tbWSPWMEi54QVPRZExkuD9lJL+UIxUKtwVJA8wW1Trb1jMs1RFXo1CBTNZ/5hpC9QvmKWdopKw==

"@jridgewell/set-array@^1.2.1":
  version "1.2.1"
  resolved "https://registry.yarnpkg.com/@jridgewell/set-array/-/set-array-1.2.1.tgz#558fb6472ed16a4c850b889530e6b36438c49280"
  integrity sha512-R8gLRTZeyp03ymzP/6Lil/28tGeGEzhx1q2k703KGWRAI1VdvPIXdG70VJc2pAMw3NA6JKL5hhFu1sJX0Mnn/A==

"@jridgewell/source-map@^0.3.2":
  version "0.3.6"
  resolved "https://registry.yarnpkg.com/@jridgewell/source-map/-/source-map-0.3.6.tgz#9d71ca886e32502eb9362c9a74a46787c36df81a"
  integrity sha512-1ZJTZebgqllO79ue2bm3rIGud/bOe0pP5BjSRCRxxYkEZS8STV7zN84UBbiYu7jy+eCKSnVIUgoWWE/tt+shMQ==
  dependencies:
    "@jridgewell/gen-mapping" "^0.3.5"
    "@jridgewell/trace-mapping" "^0.3.25"

"@jridgewell/sourcemap-codec@^1.4.10", "@jridgewell/sourcemap-codec@^1.4.14":
  version "1.5.0"
  resolved "https://registry.yarnpkg.com/@jridgewell/sourcemap-codec/-/sourcemap-codec-1.5.0.tgz#3188bcb273a414b0d215fd22a58540b989b9409a"
  integrity sha512-gv3ZRaISU3fjPAgNsriBRqGWQL6quFx04YMPW/zD8XMLsU32mhCCbfbO6KZFLjvYpCZ8zyDEgqsgf+PwPaM7GQ==

"@jridgewell/trace-mapping@^0.3.24", "@jridgewell/trace-mapping@^0.3.25":
  version "0.3.25"
  resolved "https://registry.yarnpkg.com/@jridgewell/trace-mapping/-/trace-mapping-0.3.25.tgz#15f190e98895f3fc23276ee14bc76b675c2e50f0"
  integrity sha512-vNk6aEwybGtawWmy/PzwnGDOjCkLWSD2wqvjGGAgOAwCGWySYXfYoxt00IJkTF+8Lb57DwOb3Aa0o9CApepiYQ==
  dependencies:
    "@jridgewell/resolve-uri" "^3.1.0"
    "@jridgewell/sourcemap-codec" "^1.4.14"

"@types/frida-gum@^18.8.2":
  version "18.8.2"
  resolved "https://registry.yarnpkg.com/@types/frida-gum/-/frida-gum-18.8.2.tgz#fc7975030927df9034d74e3789d66fee362c86a6"
  integrity sha512-5KH6ITrKJQe1UWrNnbXXx3KXRe/Lx9I1EwkBdC+AMmlo9F5UC0PxdC959aGxhfjXBRIHWxXwXPi3JmeWIbeqeg==

"@types/node@^17.0.36":
  version "17.0.45"
  resolved "https://registry.yarnpkg.com/@types/node/-/node-17.0.45.tgz#2c0fafd78705e7a18b7906b5201a522719dc5190"
  integrity sha512-w+tIMs3rq2afQdsPJlODhoUEKzFP1ayaoyl1CcnwtIlsVe7K7bA1NGm4s3PraqTLlXnbIN84zuBlxBWo1u9BLw==

"@types/node@^22.15.3":
  version "22.15.17"
  resolved "https://registry.yarnpkg.com/@types/node/-/node-22.15.17.tgz#355ccec95f705b664e4332bb64a7f07db30b7055"
  integrity sha512-wIX2aSZL5FE+MR0JlvF87BNVrtFWf6AE6rxSE9X7OwnVvoyCQjpzSRJ+M87se/4QCkCiebQAqrJ0y6fwIyi7nw==
  dependencies:
    undici-types "~6.21.0"

acorn@^8.5.0:
  version "8.14.1"
  resolved "https://registry.yarnpkg.com/acorn/-/acorn-8.14.1.tgz#721d5dc10f7d5b5609a891773d47731796935dfb"
  integrity sha512-OvQ/2pUDKmgfCg++xsTX1wGxfTaszcHVcTctW4UJB4hibJx2HXxxO5UmVgyjMa+ZDsiaf5wWLXYpRWMmBI0QHg==

base64-js@^1.5.1:
  version "1.5.1"
  resolved "https://registry.yarnpkg.com/base64-js/-/base64-js-1.5.1.tgz#1b1b440160a5bf7ad40b650f095963481903930a"
  integrity sha512-AKpaYlHn8t4SVbOHCy+b5+KKgvR4vrsD8vbvrbiQJps7fKDTkjkDry6ji0rUJjC0kzbNePLwzxq8iypo41qeWA==

buffer-from@^1.0.0:
  version "1.1.2"
  resolved "https://registry.yarnpkg.com/buffer-from/-/buffer-from-1.1.2.tgz#2b146a6fd72e80b4f55d255f35ed59a3a9a41bd5"
  integrity sha512-E+XQCRwSbaaiChtv6k6Dwgc+bx+Bs6vuKJHHl5kox/BaKbhiXzqQOwK4cO22yElGp2OCmjwVhT3HmxgyPGnJfQ==

commander@^11.1.0:
  version "11.1.0"
  resolved "https://registry.yarnpkg.com/commander/-/commander-11.1.0.tgz#62fdce76006a68e5c1ab3314dc92e800eb83d906"
  integrity sha512-yPVavfyCcRhmorC7rWlkHn15b4wDVgVmBA7kV4QVBsF7kv/9TKJAbAXVTxvTnwP8HHKjRCJDClKbciiYS7p0DQ==

commander@^2.20.0:
  version "2.20.3"
  resolved "https://registry.yarnpkg.com/commander/-/commander-2.20.3.tgz#fd485e84c03eb4881c20722ba48035e8531aeb33"
  integrity sha512-GpVkmM8vF2vQUkj2LvZmD35JxeJOLCwJ9cUkugyk2nuhbv3+mJvpLYYt+0+USMxE+oj+ey/lJEnhZw75x/OMcQ==

esbuild-plugin-alias@^0.2.1:
  version "0.2.1"
  resolved "https://registry.yarnpkg.com/esbuild-plugin-alias/-/esbuild-plugin-alias-0.2.1.tgz#45a86cb941e20e7c2bc68a2bea53562172494fcb"
  integrity sha512-jyfL/pwPqaFXyKnj8lP8iLk6Z0m099uXR45aSN8Av1XD4vhvQutxxPzgA2bTcAwQpa1zCXDcWOlhFgyP3GKqhQ==

esbuild@^0.25.4:
  version "0.25.4"
  resolved "https://registry.yarnpkg.com/esbuild/-/esbuild-0.25.4.tgz#bb9a16334d4ef2c33c7301a924b8b863351a0854"
  integrity sha512-8pgjLUcUjcgDg+2Q4NYXnPbo/vncAY4UmyaCm0jZevERqCHZIaWwdJHkf8XQtu4AxSKCdvrUbT0XUr1IdZzI8Q==
  optionalDependencies:
    "@esbuild/aix-ppc64" "0.25.4"
    "@esbuild/android-arm" "0.25.4"
    "@esbuild/android-arm64" "0.25.4"
    "@esbuild/android-x64" "0.25.4"
    "@esbuild/darwin-arm64" "0.25.4"
    "@esbuild/darwin-x64" "0.25.4"
    "@esbuild/freebsd-arm64" "0.25.4"
    "@esbuild/freebsd-x64" "0.25.4"
    "@esbuild/linux-arm" "0.25.4"
    "@esbuild/linux-arm64" "0.25.4"
    "@esbuild/linux-ia32" "0.25.4"
    "@esbuild/linux-loong64" "0.25.4"
    "@esbuild/linux-mips64el" "0.25.4"
    "@esbuild/linux-ppc64" "0.25.4"
    "@esbuild/linux-riscv64" "0.25.4"
    "@esbuild/linux-s390x" "0.25.4"
    "@esbuild/linux-x64" "0.25.4"
    "@esbuild/netbsd-arm64" "0.25.4"
    "@esbuild/netbsd-x64" "0.25.4"
    "@esbuild/openbsd-arm64" "0.25.4"
    "@esbuild/openbsd-x64" "0.25.4"
    "@esbuild/sunos-x64" "0.25.4"
    "@esbuild/win32-arm64" "0.25.4"
    "@esbuild/win32-ia32" "0.25.4"
    "@esbuild/win32-x64" "0.25.4"

frida-compile@^16.4.2:
  version "16.4.2"
  resolved "https://registry.yarnpkg.com/frida-compile/-/frida-compile-16.4.2.tgz#669ffcb6fd250f20abaf4b41aa6b3180bdc82807"
  integrity sha512-wNiFk37JVpCoEsuJF9AHZtccM9Z3KGj3yu0Amsb/DKzKnHCxvl8AlAU5qSfYXfAJtzbNuCKGqNBM8u96KvP28A==
  dependencies:
    "@frida/assert" "^3.0.1"
    "@frida/base64-js" "^2.0.3"
    "@frida/buffer" "^7.0.4"
    "@frida/crosspath" "^3.0.0"
    "@frida/crypto" "^1.0.1"
    "@frida/diagnostics_channel" "^1.0.0"
    "@frida/events" "^4.0.4"
    "@frida/http" "^4.0.2"
    "@frida/http-parser-js" "^1.0.0"
    "@frida/https" "^1.0.0"
    "@frida/ieee754" "^2.0.2"
    "@frida/net" "^4.0.1"
    "@frida/os" "^1.0.0"
    "@frida/path" "^2.0.3"
    "@frida/process" "^1.2.1"
    "@frida/punycode" "^3.0.0"
    "@frida/querystring" "^1.0.0"
    "@frida/readable-stream" "^4.1.3"
    "@frida/reserved-words" "^1.0.0"
    "@frida/stream" "^1.0.2"
    "@frida/string_decoder" "^2.0.0"
    "@frida/terser" "^1.0.0"
    "@frida/timers" "^3.0.0"
    "@frida/tty" "^1.0.0"
    "@frida/url" "^1.0.2"
    "@frida/util" "^1.0.3"
    "@frida/vm" "^2.0.0"
    commander "^11.1.0"
    frida-fs "^5.2.3"
    typed-emitter "^2.1.0"

frida-fs@^5.2.3:
  version "5.2.5"
  resolved "https://registry.yarnpkg.com/frida-fs/-/frida-fs-5.2.5.tgz#c2623d61f00fed534e43281fa859334990e94300"
  integrity sha512-Eyb4OqUlcv1/Eq7Q+B9IZmYZIgIM2YjqDojrjmAGzPSSXBuUKwSkuObQcQ8Dup9JTOMIUcSII9/I8DaTe6LFKw==

frida-il2cpp-bridge@^0.11.0:
  version "0.11.0"
  resolved "https://registry.yarnpkg.com/frida-il2cpp-bridge/-/frida-il2cpp-bridge-0.11.0.tgz#eb119277a6d2eb07243fb24134366134df7dc49d"
  integrity sha512-STauXoR+mAvF4pzzbRdDAiQhT8g8/5fBF8KX7DTPsM8YvNUCEP1FC8K1b1gU0lg8JrId8yO/Tjamtq+K483+Kg==

http-parser-js@^0.5.3:
  version "0.5.10"
  resolved "https://registry.yarnpkg.com/http-parser-js/-/http-parser-js-0.5.10.tgz#b3277bd6d7ed5588e20ea73bf724fcbe44609075"
  integrity sha512-Pysuw9XpUq5dVc/2SMHpuTY01RFl8fttgcyunjL7eEMhGM3cI4eOmiCycJDVCo/7O7ClfQD3SaI6ftDzqOXYMA==

ieee754@^1.2.1:
  version "1.2.1"
  resolved "https://registry.yarnpkg.com/ieee754/-/ieee754-1.2.1.tgz#8eb7a10a63fff25d15a57b001586d177d1b0d352"
  integrity sha512-dcyqhDvX1C46lXZcVqCpK+FtMRQVdIMN6/Df5js2zouUsqG7I6sFxitIC+7KYK29KdXOLHdu9zL4sFnoVQnqaA==

rxjs@^7.5.2:
  version "7.8.2"
  resolved "https://registry.yarnpkg.com/rxjs/-/rxjs-7.8.2.tgz#955bc473ed8af11a002a2be52071bf475638607b"
  integrity sha512-dhKf903U/PQZY6boNNtAGdWbG85WAbjT/1xYoZIC7FAY0yWapOBQVsVrDl58W86//e1VpMNBtRV4MaXfdMySFA==
  dependencies:
    tslib "^2.1.0"

source-map-support@~0.5.20:
  version "0.5.21"
  resolved "https://registry.yarnpkg.com/source-map-support/-/source-map-support-0.5.21.tgz#04fe7c7f9e1ed2d662233c28cb2b35b9f63f6e4f"
  integrity sha512-uBHU3L3czsIyYXKX88fdrGovxdSCoTGDRZ6SYXtSRxLZUzHg5P/66Ht6uoUlHu9EZod+inXhKo3qQgwXUT/y1w==
  dependencies:
    buffer-from "^1.0.0"
    source-map "^0.6.0"

source-map@^0.6.0:
  version "0.6.1"
  resolved "https://registry.yarnpkg.com/source-map/-/source-map-0.6.1.tgz#74722af32e9614e9c287a8d0bbde48b5e2f1a263"
  integrity sha512-UjgapumWlbMhkBgzT7Ykc5YXUT46F0iKu8SGXq0bcwP5dz/h0Plj6enJqjz1Zbq2l5WaqYnrVbwWOWMyF3F47g==

tslib@^2.1.0:
  version "2.8.1"
  resolved "https://registry.yarnpkg.com/tslib/-/tslib-2.8.1.tgz#612efe4ed235d567e8aba5f2a5fab70280ade83f"
  integrity sha512-oJFu94HQb+KVduSUQL7wnpmqnfmLsOA/nAh6b6EH0wCEoK0/mPeXU6c3wKDV83MkOuHPRHtSXKKU99IBazS/2w==

typed-emitter@^2.1.0:
  version "2.1.0"
  resolved "https://registry.yarnpkg.com/typed-emitter/-/typed-emitter-2.1.0.tgz#ca78e3d8ef1476f228f548d62e04e3d4d3fd77fb"
  integrity sha512-g/KzbYKbH5C2vPkaXGu8DJlHrGKHLsM25Zg9WuC9pMGfuvT+X25tZQWo5fK1BjBm8+UrVE9LDCvaY0CQk+fXDA==
  optionalDependencies:
    rxjs "^7.5.2"

typescript@^5.8.3:
  version "5.8.3"
  resolved "https://registry.yarnpkg.com/typescript/-/typescript-5.8.3.tgz#92f8a3e5e3cf497356f4178c34cd65a7f5e8440e"
  integrity sha512-p1diW6TqL9L07nNxvRMM7hMMw4c5XOo/1ibL4aAIGmSAt9slTE1Xgw5KWuof2uTOvCg9BY7ZRi+GaF+7sfgPeQ==

undici-types@~6.21.0:
  version "6.21.0"
  resolved "https://registry.yarnpkg.com/undici-types/-/undici-types-6.21.0.tgz#691d00af3909be93a7faa13be61b3a5b50ef12cb"
  integrity sha512-iwDZqg0QAGrg9Rav5H4n0M64c3mkR59cJ6wQp+7C4nI0gsmExaedaYLNO44eT4AtBBwjbTiGPMlt2Md0T9H9JQ==
